
Microsoft Visual Studio Solution File, Format Version 12.00
# Visual Studio Version 16
VisualStudioVersion = 16.0.32106.194
MinimumVisualStudioVersion = 10.0.40219.1
Project("{9A19103F-16F7-4668-BE54-9A1E7A4F7556}") = "ProductManagementAPI", "ManagementProduct\ProductManagementAPI.csproj", "{A5B7C820-9E58-499E-B7BF-E4A68C204604}"
EndProject
Project("{FAE04EC0-301F-11D3-BF4B-00C04F79EFBC}") = "PM.Common", "PM.Common\PM.Common.csproj", "{9BB2E3B2-2945-4366-ABE4-257996DBCAF5}"
EndProject
Project("{FAE04EC0-301F-11D3-BF4B-00C04F79EFBC}") = "PM.Service", "PM.Service\PM.Service.csproj", "{4205743A-72ED-47A8-BF64-6084F79299C5}"
EndProject
Project("{FAE04EC0-301F-11D3-BF4B-00C04F79EFBC}") = "PM.Repository", "PM.Repository\PM.Repository.csproj", "{74829049-655B-4D65-AC89-AD79DE22A046}"
EndProject
Project("{FAE04EC0-301F-11D3-BF4B-00C04F79EFBC}") = "PM.Data", "PM.Data\PM.Data.csproj", "{BEA22F9B-5923-4C42-9757-0BEE5D9266E6}"
EndProject
Global
	GlobalSection(SolutionConfigurationPlatforms) = preSolution
		Debug|Any CPU = Debug|Any CPU
		Release|Any CPU = Release|Any CPU
	EndGlobalSection
	GlobalSection(ProjectConfigurationPlatforms) = postSolution
		{A5B7C820-9E58-499E-B7BF-E4A68C204604}.Debug|Any CPU.ActiveCfg = Debug|Any CPU
		{A5B7C820-9E58-499E-B7BF-E4A68C204604}.Debug|Any CPU.Build.0 = Debug|Any CPU
		{A5B7C820-9E58-499E-B7BF-E4A68C204604}.Release|Any CPU.ActiveCfg = Release|Any CPU
		{A5B7C820-9E58-499E-B7BF-E4A68C204604}.Release|Any CPU.Build.0 = Release|Any CPU
		{9BB2E3B2-2945-4366-ABE4-257996DBCAF5}.Debug|Any CPU.ActiveCfg = Debug|Any CPU
		{9BB2E3B2-2945-4366-ABE4-257996DBCAF5}.Debug|Any CPU.Build.0 = Debug|Any CPU
		{9BB2E3B2-2945-4366-ABE4-257996DBCAF5}.Release|Any CPU.ActiveCfg = Release|Any CPU
		{9BB2E3B2-2945-4366-ABE4-257996DBCAF5}.Release|Any CPU.Build.0 = Release|Any CPU
		{4205743A-72ED-47A8-BF64-6084F79299C5}.Debug|Any CPU.ActiveCfg = Debug|Any CPU
		{4205743A-72ED-47A8-BF64-6084F79299C5}.Debug|Any CPU.Build.0 = Debug|Any CPU
		{4205743A-72ED-47A8-BF64-6084F79299C5}.Release|Any CPU.ActiveCfg = Release|Any CPU
		{4205743A-72ED-47A8-BF64-6084F79299C5}.Release|Any CPU.Build.0 = Release|Any CPU
		{74829049-655B-4D65-AC89-AD79DE22A046}.Debug|Any CPU.ActiveCfg = Debug|Any CPU
		{74829049-655B-4D65-AC89-AD79DE22A046}.Debug|Any CPU.Build.0 = Debug|Any CPU
		{74829049-655B-4D65-AC89-AD79DE22A046}.Release|Any CPU.ActiveCfg = Release|Any CPU
		{74829049-655B-4D65-AC89-AD79DE22A046}.Release|Any CPU.Build.0 = Release|Any CPU
		{BEA22F9B-5923-4C42-9757-0BEE5D9266E6}.Debug|Any CPU.ActiveCfg = Debug|Any CPU
		{BEA22F9B-5923-4C42-9757-0BEE5D9266E6}.Debug|Any CPU.Build.0 = Debug|Any CPU
		{BEA22F9B-5923-4C42-9757-0BEE5D9266E6}.Release|Any CPU.ActiveCfg = Release|Any CPU
		{BEA22F9B-5923-4C42-9757-0BEE5D9266E6}.Release|Any CPU.Build.0 = Release|Any CPU
	EndGlobalSection
	GlobalSection(SolutionProperties) = preSolution
		HideSolutionNode = FALSE
	EndGlobalSection
	GlobalSection(ExtensibilityGlobals) = postSolution
		SolutionGuid = {DD55A102-AE9B-4BFB-9E1D-5AC3E94CFF07}
	EndGlobalSection
EndGlobal
